
Microsoft Visual Studio Solution File, Format Version 12.00
# Visual Studio Version 16
VisualStudioVersion = 16.0.30804.86
MinimumVisualStudioVersion = 10.0.40219.1
Project("{FAE04EC0-301F-11D3-BF4B-00C04F79EFBC}") = "OurHospital", "OurHospital\OurHospital.csproj", "{9E73791B-A586-4CDB-8C03-A1F3DDD06D4F}"
EndProject
Project("{FAE04EC0-301F-11D3-BF4B-00C04F79EFBC}") = "DataLibrary", "DataLibrary\DataLibrary.csproj", "{B7735616-D115-40BA-B717-38FBE37FB9B9}"
EndProject
Global
	GlobalSection(SolutionConfigurationPlatforms) = preSolution
		Debug|Any CPU = Debug|Any CPU
		Release|Any CPU = Release|Any CPU
	EndGlobalSection
	GlobalSection(ProjectConfigurationPlatforms) = postSolution
		{9E73791B-A586-4CDB-8C03-A1F3DDD06D4F}.Debug|Any CPU.ActiveCfg = Debug|Any CPU
		{9E73791B-A586-4CDB-8C03-A1F3DDD06D4F}.Debug|Any CPU.Build.0 = Debug|Any CPU
		{9E73791B-A586-4CDB-8C03-A1F3DDD06D4F}.Release|Any CPU.ActiveCfg = Release|Any CPU
		{9E73791B-A586-4CDB-8C03-A1F3DDD06D4F}.Release|Any CPU.Build.0 = Release|Any CPU
		{B7735616-D115-40BA-B717-38FBE37FB9B9}.Debug|Any CPU.ActiveCfg = Debug|Any CPU
		{B7735616-D115-40BA-B717-38FBE37FB9B9}.Debug|Any CPU.Build.0 = Debug|Any CPU
		{B7735616-D115-40BA-B717-38FBE37FB9B9}.Release|Any CPU.ActiveCfg = Release|Any CPU
		{B7735616-D115-40BA-B717-38FBE37FB9B9}.Release|Any CPU.Build.0 = Release|Any CPU
	EndGlobalSection
	GlobalSection(SolutionProperties) = preSolution
		HideSolutionNode = FALSE
	EndGlobalSection
	GlobalSection(ExtensibilityGlobals) = postSolution
		SolutionGuid = {F750F746-C47F-4682-A170-26840D863F83}
	EndGlobalSection
EndGlobal
